
Microsoft Visual Studio Solution File, Format Version 12.00
# Visual Studio Version 17
VisualStudioVersion = 17.4.33213.308
MinimumVisualStudioVersion = 10.0.40219.1
Project("{FAE04EC0-301F-11D3-BF4B-00C04F79EFBC}") = "validSudoku", "validSudoku.csproj", "{C911C825-2497-4D93-AE00-82AAFBD33680}"
EndProject
Global
	GlobalSection(SolutionConfigurationPlatforms) = preSolution
		Debug|Any CPU = Debug|Any CPU
		Release|Any CPU = Release|Any CPU
	EndGlobalSection
	GlobalSection(ProjectConfigurationPlatforms) = postSolution
		{C911C825-2497-4D93-AE00-82AAFBD33680}.Debug|Any CPU.ActiveCfg = Debug|Any CPU
		{C911C825-2497-4D93-AE00-82AAFBD33680}.Debug|Any CPU.Build.0 = Debug|Any CPU
		{C911C825-2497-4D93-AE00-82AAFBD33680}.Release|Any CPU.ActiveCfg = Release|Any CPU
		{C911C825-2497-4D93-AE00-82AAFBD33680}.Release|Any CPU.Build.0 = Release|Any CPU
	EndGlobalSection
	GlobalSection(SolutionProperties) = preSolution
		HideSolutionNode = FALSE
	EndGlobalSection
	GlobalSection(ExtensibilityGlobals) = postSolution
		SolutionGuid = {C89B48E6-903C-43C9-9295-363B9C57C939}
	EndGlobalSection
EndGlobal
