
Microsoft Visual Studio Solution File, Format Version 12.00
# Visual Studio Version 17
VisualStudioVersion = 17.4.33213.308
MinimumVisualStudioVersion = 10.0.40219.1
Project("{FAE04EC0-301F-11D3-BF4B-00C04F79EFBC}") = "p3", "p3.csproj", "{60B74B28-46FD-42B7-8829-2395B78AE007}"
EndProject
Global
	GlobalSection(SolutionConfigurationPlatforms) = preSolution
		Debug|Any CPU = Debug|Any CPU
		Release|Any CPU = Release|Any CPU
	EndGlobalSection
	GlobalSection(ProjectConfigurationPlatforms) = postSolution
		{60B74B28-46FD-42B7-8829-2395B78AE007}.Debug|Any CPU.ActiveCfg = Debug|Any CPU
		{60B74B28-46FD-42B7-8829-2395B78AE007}.Debug|Any CPU.Build.0 = Debug|Any CPU
		{60B74B28-46FD-42B7-8829-2395B78AE007}.Release|Any CPU.ActiveCfg = Release|Any CPU
		{60B74B28-46FD-42B7-8829-2395B78AE007}.Release|Any CPU.Build.0 = Release|Any CPU
	EndGlobalSection
	GlobalSection(SolutionProperties) = preSolution
		HideSolutionNode = FALSE
	EndGlobalSection
	GlobalSection(ExtensibilityGlobals) = postSolution
		SolutionGuid = {647DFBCD-9217-4FDF-8B96-9F6DF88FCD97}
	EndGlobalSection
EndGlobal
