
Microsoft Visual Studio Solution File, Format Version 12.00
# Visual Studio Version 17
VisualStudioVersion = 17.4.33213.308
MinimumVisualStudioVersion = 10.0.40219.1
Project("{FAE04EC0-301F-11D3-BF4B-00C04F79EFBC}") = "longestSequence", "longestSequence.csproj", "{A01E8CB4-DD24-4803-A025-510012834847}"
EndProject
Global
	GlobalSection(SolutionConfigurationPlatforms) = preSolution
		Debug|Any CPU = Debug|Any CPU
		Release|Any CPU = Release|Any CPU
	EndGlobalSection
	GlobalSection(ProjectConfigurationPlatforms) = postSolution
		{A01E8CB4-DD24-4803-A025-510012834847}.Debug|Any CPU.ActiveCfg = Debug|Any CPU
		{A01E8CB4-DD24-4803-A025-510012834847}.Debug|Any CPU.Build.0 = Debug|Any CPU
		{A01E8CB4-DD24-4803-A025-510012834847}.Release|Any CPU.ActiveCfg = Release|Any CPU
		{A01E8CB4-DD24-4803-A025-510012834847}.Release|Any CPU.Build.0 = Release|Any CPU
	EndGlobalSection
	GlobalSection(SolutionProperties) = preSolution
		HideSolutionNode = FALSE
	EndGlobalSection
	GlobalSection(ExtensibilityGlobals) = postSolution
		SolutionGuid = {A2192D0B-FBEB-4731-86EC-4556A540D22D}
	EndGlobalSection
EndGlobal
