
Microsoft Visual Studio Solution File, Format Version 12.00
# Visual Studio Version 17
VisualStudioVersion = 17.4.33213.308
MinimumVisualStudioVersion = 10.0.40219.1
Project("{FAE04EC0-301F-11D3-BF4B-00C04F79EFBC}") = "productArrayExceptSelf", "productArrayExceptSelf.csproj", "{749E764C-749A-4698-977F-43E63799CF41}"
EndProject
Global
	GlobalSection(SolutionConfigurationPlatforms) = preSolution
		Debug|Any CPU = Debug|Any CPU
		Release|Any CPU = Release|Any CPU
	EndGlobalSection
	GlobalSection(ProjectConfigurationPlatforms) = postSolution
		{749E764C-749A-4698-977F-43E63799CF41}.Debug|Any CPU.ActiveCfg = Debug|Any CPU
		{749E764C-749A-4698-977F-43E63799CF41}.Debug|Any CPU.Build.0 = Debug|Any CPU
		{749E764C-749A-4698-977F-43E63799CF41}.Release|Any CPU.ActiveCfg = Release|Any CPU
		{749E764C-749A-4698-977F-43E63799CF41}.Release|Any CPU.Build.0 = Release|Any CPU
	EndGlobalSection
	GlobalSection(SolutionProperties) = preSolution
		HideSolutionNode = FALSE
	EndGlobalSection
	GlobalSection(ExtensibilityGlobals) = postSolution
		SolutionGuid = {D1DBA037-2411-45B6-BF49-68E26A5BD6E9}
	EndGlobalSection
EndGlobal
