
Microsoft Visual Studio Solution File, Format Version 12.00
# Visual Studio Version 17
VisualStudioVersion = 17.4.33213.308
MinimumVisualStudioVersion = 10.0.40219.1
Project("{FAE04EC0-301F-11D3-BF4B-00C04F79EFBC}") = "topKFrequentElements", "topKFrequentElements.csproj", "{F98E4026-9621-467B-A542-E2A60DA5EE45}"
EndProject
Global
	GlobalSection(SolutionConfigurationPlatforms) = preSolution
		Debug|Any CPU = Debug|Any CPU
		Release|Any CPU = Release|Any CPU
	EndGlobalSection
	GlobalSection(ProjectConfigurationPlatforms) = postSolution
		{F98E4026-9621-467B-A542-E2A60DA5EE45}.Debug|Any CPU.ActiveCfg = Debug|Any CPU
		{F98E4026-9621-467B-A542-E2A60DA5EE45}.Debug|Any CPU.Build.0 = Debug|Any CPU
		{F98E4026-9621-467B-A542-E2A60DA5EE45}.Release|Any CPU.ActiveCfg = Release|Any CPU
		{F98E4026-9621-467B-A542-E2A60DA5EE45}.Release|Any CPU.Build.0 = Release|Any CPU
	EndGlobalSection
	GlobalSection(SolutionProperties) = preSolution
		HideSolutionNode = FALSE
	EndGlobalSection
	GlobalSection(ExtensibilityGlobals) = postSolution
		SolutionGuid = {91C13AD7-52FA-4066-8987-0BE699212C5D}
	EndGlobalSection
EndGlobal
